
Microsoft Visual Studio Solution File, Format Version 12.00
# Visual Studio Version 17
VisualStudioVersion = 17.11.35303.130
MinimumVisualStudioVersion = 10.0.40219.1
Project("{FAE04EC0-301F-11D3-BF4B-00C04F79EFBC}") = "LearningManagementSystem", "LearningManagementSystem\LearningManagementSystem.csproj", "{B41999C1-92B0-4D29-95B0-0EC7AAEEBD22}"
EndProject
Global
	GlobalSection(SolutionConfigurationPlatforms) = preSolution
		Debug|ARM64 = Debug|ARM64
		Debug|x64 = Debug|x64
		Debug|x86 = Debug|x86
		Release|ARM64 = Release|ARM64
		Release|x64 = Release|x64
		Release|x86 = Release|x86
	EndGlobalSection
	GlobalSection(ProjectConfigurationPlatforms) = postSolution
		{B41999C1-92B0-4D29-95B0-0EC7AAEEBD22}.Debug|ARM64.ActiveCfg = Debug|ARM64
		{B41999C1-92B0-4D29-95B0-0EC7AAEEBD22}.Debug|ARM64.Build.0 = Debug|ARM64
		{B41999C1-92B0-4D29-95B0-0EC7AAEEBD22}.Debug|ARM64.Deploy.0 = Debug|ARM64
		{B41999C1-92B0-4D29-95B0-0EC7AAEEBD22}.Debug|x64.ActiveCfg = Debug|x64
		{B41999C1-92B0-4D29-95B0-0EC7AAEEBD22}.Debug|x64.Build.0 = Debug|x64
		{B41999C1-92B0-4D29-95B0-0EC7AAEEBD22}.Debug|x64.Deploy.0 = Debug|x64
		{B41999C1-92B0-4D29-95B0-0EC7AAEEBD22}.Debug|x86.ActiveCfg = Debug|x86
		{B41999C1-92B0-4D29-95B0-0EC7AAEEBD22}.Debug|x86.Build.0 = Debug|x86
		{B41999C1-92B0-4D29-95B0-0EC7AAEEBD22}.Debug|x86.Deploy.0 = Debug|x86
		{B41999C1-92B0-4D29-95B0-0EC7AAEEBD22}.Release|ARM64.ActiveCfg = Release|ARM64
		{B41999C1-92B0-4D29-95B0-0EC7AAEEBD22}.Release|ARM64.Build.0 = Release|ARM64
		{B41999C1-92B0-4D29-95B0-0EC7AAEEBD22}.Release|ARM64.Deploy.0 = Release|ARM64
		{B41999C1-92B0-4D29-95B0-0EC7AAEEBD22}.Release|x64.ActiveCfg = Release|x64
		{B41999C1-92B0-4D29-95B0-0EC7AAEEBD22}.Release|x64.Build.0 = Release|x64
		{B41999C1-92B0-4D29-95B0-0EC7AAEEBD22}.Release|x64.Deploy.0 = Release|x64
		{B41999C1-92B0-4D29-95B0-0EC7AAEEBD22}.Release|x86.ActiveCfg = Release|x86
		{B41999C1-92B0-4D29-95B0-0EC7AAEEBD22}.Release|x86.Build.0 = Release|x86
		{B41999C1-92B0-4D29-95B0-0EC7AAEEBD22}.Release|x86.Deploy.0 = Release|x86
	EndGlobalSection
	GlobalSection(SolutionProperties) = preSolution
		HideSolutionNode = FALSE
	EndGlobalSection
	GlobalSection(ExtensibilityGlobals) = postSolution
		SolutionGuid = {F8F88D32-E68E-4F97-B0EC-B9D5F778314F}
	EndGlobalSection
EndGlobal
